
Microsoft Visual Studio Solution File, Format Version 12.00
# Visual Studio 14
VisualStudioVersion = 14.0.23107.0
MinimumVisualStudioVersion = 10.0.40219.1
Project("{FAE04EC0-301F-11D3-BF4B-00C04F79EFBC}") = "Encrypted Messenger Xamarin", "Encrypted Messenger Xamarin\Encrypted Messenger Xamarin.csproj", "{B81BF22A-7249-4BBA-9F0E-DD99E8BA572E}"
EndProject
Global
	GlobalSection(SolutionConfigurationPlatforms) = preSolution
		Debug|Any CPU = Debug|Any CPU
		Release|Any CPU = Release|Any CPU
	EndGlobalSection
	GlobalSection(ProjectConfigurationPlatforms) = postSolution
		{B81BF22A-7249-4BBA-9F0E-DD99E8BA572E}.Debug|Any CPU.ActiveCfg = Debug|Any CPU
		{B81BF22A-7249-4BBA-9F0E-DD99E8BA572E}.Debug|Any CPU.Build.0 = Debug|Any CPU
		{B81BF22A-7249-4BBA-9F0E-DD99E8BA572E}.Debug|Any CPU.Deploy.0 = Debug|Any CPU
		{B81BF22A-7249-4BBA-9F0E-DD99E8BA572E}.Release|Any CPU.ActiveCfg = Release|Any CPU
		{B81BF22A-7249-4BBA-9F0E-DD99E8BA572E}.Release|Any CPU.Build.0 = Release|Any CPU
		{B81BF22A-7249-4BBA-9F0E-DD99E8BA572E}.Release|Any CPU.Deploy.0 = Release|Any CPU
	EndGlobalSection
	GlobalSection(SolutionProperties) = preSolution
		HideSolutionNode = FALSE
	EndGlobalSection
EndGlobal
